
Microsoft Visual Studio Solution File, Format Version 12.00
# Visual Studio Version 18
VisualStudioVersion = 18.1.11312.151
MinimumVisualStudioVersion = 10.0.40219.1
Project("{9A19103F-16F7-4668-BE54-9A1E7A4F7556}") = "ApiTemplate.SharedKernel", "ApiTemplate.SharedKernel\ApiTemplate.SharedKernel.csproj", "{4111EC05-2594-4A03-83F0-B812DCD53472}"
EndProject
Project("{9A19103F-16F7-4668-BE54-9A1E7A4F7556}") = "ApiTemplate.Presentation.Web", "ApiTemplate.Presentation.Web\ApiTemplate.Presentation.Web.csproj", "{F11EA147-31D9-46C4-8D1E-8AD8E6B8F842}"
EndProject
Project("{9A19103F-16F7-4668-BE54-9A1E7A4F7556}") = "ApiTemplate.Infrastructure", "ApiTemplate.Infrastructure\ApiTemplate.Infrastructure.csproj", "{E2CB6F01-E5ED-4EE4-B692-A9E0BF4672EA}"
EndProject
Project("{2150E333-8FDC-42A3-9474-1A3956D46DE8}") = "Application", "Application", "{6BBB5C43-7A5F-4A4C-A427-79332C243E42}"
EndProject
Project("{2150E333-8FDC-42A3-9474-1A3956D46DE8}") = "SharedKernel", "SharedKernel", "{C7C9492F-4D87-448F-BCE6-F240BE8B0586}"
EndProject
Project("{9A19103F-16F7-4668-BE54-9A1E7A4F7556}") = "ApiTemplate.Application", "ApiTemplate.Application\ApiTemplate.Application.csproj", "{9C5D2D0B-8CC1-420B-B72B-E3A087B2B303}"
EndProject
Project("{2150E333-8FDC-42A3-9474-1A3956D46DE8}") = "Infrastructure", "Infrastructure", "{A2B72BCD-F337-4143-B2B1-4A868452E3FA}"
EndProject
Project("{2150E333-8FDC-42A3-9474-1A3956D46DE8}") = "Presentation", "Presentation", "{D272FC5D-1E38-4D9A-8A1E-D2FE5F05FB07}"
EndProject
Project("{9A19103F-16F7-4668-BE54-9A1E7A4F7556}") = "ApiTemplate.Application.Tests", "ApiTemplate.Application.Tests\ApiTemplate.Application.Tests.csproj", "{1FE27375-823A-4D2F-AC30-913AAAA17E3B}"
EndProject
Project("{9A19103F-16F7-4668-BE54-9A1E7A4F7556}") = "ApiTemplate.Infrastructure.Tests", "ApiTemplate.Infrastructure.Tests\ApiTemplate.Infrastructure.Tests.csproj", "{7771B05A-64B8-49C0-AD26-E5BB8740C025}"
EndProject
Project("{9A19103F-16F7-4668-BE54-9A1E7A4F7556}") = "ApiTemplate.Presentation.Web.Tests.Unit", "ApiTemplate.Presentation.Web.Tests\ApiTemplate.Presentation.Web.Tests.Unit.csproj", "{8E4E5001-9D9B-468B-BB28-AD6F28A40BF4}"
EndProject
Project("{9A19103F-16F7-4668-BE54-9A1E7A4F7556}") = "ApiTemplate.SharedKernel.Tests", "ApiTemplate.SharedKernel.Tests\ApiTemplate.SharedKernel.Tests.csproj", "{FA58E9CE-E4C7-4E9A-BC6B-CEBFE1EA0A7B}"
EndProject
Project("{2150E333-8FDC-42A3-9474-1A3956D46DE8}") = "Domain", "Domain", "{689B029F-D9A8-475D-ADFE-C8D2119B15C7}"
EndProject
Project("{9A19103F-16F7-4668-BE54-9A1E7A4F7556}") = "ApiTemplate.Domain", "ApiTemplate.Domain\ApiTemplate.Domain.csproj", "{6109A0A0-7292-49AE-AF19-25691E91BAFF}"
EndProject
Project("{9A19103F-16F7-4668-BE54-9A1E7A4F7556}") = "ApiTemplate.Domain.Tests", "ApiTemplate.Domain.Tests\ApiTemplate.Domain.Tests.csproj", "{E8E6985E-9F11-4B5D-9B63-024BC67F91C5}"
EndProject
Project("{9A19103F-16F7-4668-BE54-9A1E7A4F7556}") = "ApiTemplate.Presentation.Web.Tests.Integration", "ApiTemplate.Presentation.Web.Tests.Integration\ApiTemplate.Presentation.Web.Tests.Integration.csproj", "{54108903-F52D-4F76-BE34-540DF9DB8617}"
EndProject
Project("{2150E333-8FDC-42A3-9474-1A3956D46DE8}") = "AWS", "AWS", "{E3562933-66B1-44AB-A4EC-A041BF68894A}"
	ProjectSection(SolutionItems) = preProject
		AWS\task-def.json = AWS\task-def.json
	EndProjectSection
EndProject
Project("{2150E333-8FDC-42A3-9474-1A3956D46DE8}") = "Docker", "Docker", "{DF6CFBBD-8312-4694-AD3A-620DBD11E56C}"
EndProject
Project("{E53339B2-1760-4266-BCC7-CA923CBCF16C}") = "docker-compose", "Docker\docker-compose.dcproj", "{8C2CE869-F585-42B7-8164-DC190BFDA846}"
EndProject
Project("{FAE04EC0-301F-11D3-BF4B-00C04F79EFBC}") = "ApiTemplate.EventBus.Domain.Core", "ApiTemplate.EventBus.Domain.Core\ApiTemplate.EventBus.Domain.Core.csproj", "{FE28C6EA-8142-4E08-B0C5-C3092A986A42}"
EndProject
Project("{FAE04EC0-301F-11D3-BF4B-00C04F79EFBC}") = "ApiTemplate.EventBus.Abstractions", "ApiTemplate.EventBus.Abstractions\ApiTemplate.EventBus.Abstractions.csproj", "{B63D6DF1-B775-4E60-BF58-F5B1DF76C8DA}"
EndProject
Project("{FAE04EC0-301F-11D3-BF4B-00C04F79EFBC}") = "ApiTemplate.EventBus.Kafka", "ApiTemplate.EventBus.Kafka\ApiTemplate.EventBus.Kafka.csproj", "{FD89D9A5-2EA1-4E9D-D8D2-E09721D3FD2F}"
EndProject
Project("{2150E333-8FDC-42A3-9474-1A3956D46DE8}") = "EventBus", "EventBus", "{30682220-8EC9-49A1-8A82-C6ABF7110BBE}"
EndProject
Project("{FAE04EC0-301F-11D3-BF4B-00C04F79EFBC}") = "ApiTemplate.EventBus.Kafka.Tests", "ApiTemplate.EventBus.Kafka.Tests\ApiTemplate.EventBus.Kafka.Tests.csproj", "{4F355C35-72B3-4E07-8C64-4E68E9D42E28}"
EndProject
Global
	GlobalSection(SolutionConfigurationPlatforms) = preSolution
		Debug|Any CPU = Debug|Any CPU
		Debug|x64 = Debug|x64
		Debug|x86 = Debug|x86
		Release|Any CPU = Release|Any CPU
		Release|x64 = Release|x64
		Release|x86 = Release|x86
	EndGlobalSection
	GlobalSection(ProjectConfigurationPlatforms) = postSolution
		{4111EC05-2594-4A03-83F0-B812DCD53472}.Debug|Any CPU.ActiveCfg = Debug|Any CPU
		{4111EC05-2594-4A03-83F0-B812DCD53472}.Debug|Any CPU.Build.0 = Debug|Any CPU
		{4111EC05-2594-4A03-83F0-B812DCD53472}.Debug|x64.ActiveCfg = Debug|Any CPU
		{4111EC05-2594-4A03-83F0-B812DCD53472}.Debug|x64.Build.0 = Debug|Any CPU
		{4111EC05-2594-4A03-83F0-B812DCD53472}.Debug|x86.ActiveCfg = Debug|Any CPU
		{4111EC05-2594-4A03-83F0-B812DCD53472}.Debug|x86.Build.0 = Debug|Any CPU
		{4111EC05-2594-4A03-83F0-B812DCD53472}.Release|Any CPU.ActiveCfg = Release|Any CPU
		{4111EC05-2594-4A03-83F0-B812DCD53472}.Release|Any CPU.Build.0 = Release|Any CPU
		{4111EC05-2594-4A03-83F0-B812DCD53472}.Release|x64.ActiveCfg = Release|Any CPU
		{4111EC05-2594-4A03-83F0-B812DCD53472}.Release|x64.Build.0 = Release|Any CPU
		{4111EC05-2594-4A03-83F0-B812DCD53472}.Release|x86.ActiveCfg = Release|Any CPU
		{4111EC05-2594-4A03-83F0-B812DCD53472}.Release|x86.Build.0 = Release|Any CPU
		{F11EA147-31D9-46C4-8D1E-8AD8E6B8F842}.Debug|Any CPU.ActiveCfg = Debug|Any CPU
		{F11EA147-31D9-46C4-8D1E-8AD8E6B8F842}.Debug|Any CPU.Build.0 = Debug|Any CPU
		{F11EA147-31D9-46C4-8D1E-8AD8E6B8F842}.Debug|x64.ActiveCfg = Debug|Any CPU
		{F11EA147-31D9-46C4-8D1E-8AD8E6B8F842}.Debug|x64.Build.0 = Debug|Any CPU
		{F11EA147-31D9-46C4-8D1E-8AD8E6B8F842}.Debug|x86.ActiveCfg = Debug|Any CPU
		{F11EA147-31D9-46C4-8D1E-8AD8E6B8F842}.Debug|x86.Build.0 = Debug|Any CPU
		{F11EA147-31D9-46C4-8D1E-8AD8E6B8F842}.Release|Any CPU.ActiveCfg = Release|Any CPU
		{F11EA147-31D9-46C4-8D1E-8AD8E6B8F842}.Release|Any CPU.Build.0 = Release|Any CPU
		{F11EA147-31D9-46C4-8D1E-8AD8E6B8F842}.Release|x64.ActiveCfg = Release|Any CPU
		{F11EA147-31D9-46C4-8D1E-8AD8E6B8F842}.Release|x64.Build.0 = Release|Any CPU
		{F11EA147-31D9-46C4-8D1E-8AD8E6B8F842}.Release|x86.ActiveCfg = Release|Any CPU
		{F11EA147-31D9-46C4-8D1E-8AD8E6B8F842}.Release|x86.Build.0 = Release|Any CPU
		{E2CB6F01-E5ED-4EE4-B692-A9E0BF4672EA}.Debug|Any CPU.ActiveCfg = Debug|Any CPU
		{E2CB6F01-E5ED-4EE4-B692-A9E0BF4672EA}.Debug|Any CPU.Build.0 = Debug|Any CPU
		{E2CB6F01-E5ED-4EE4-B692-A9E0BF4672EA}.Debug|x64.ActiveCfg = Debug|Any CPU
		{E2CB6F01-E5ED-4EE4-B692-A9E0BF4672EA}.Debug|x64.Build.0 = Debug|Any CPU
		{E2CB6F01-E5ED-4EE4-B692-A9E0BF4672EA}.Debug|x86.ActiveCfg = Debug|Any CPU
		{E2CB6F01-E5ED-4EE4-B692-A9E0BF4672EA}.Debug|x86.Build.0 = Debug|Any CPU
		{E2CB6F01-E5ED-4EE4-B692-A9E0BF4672EA}.Release|Any CPU.ActiveCfg = Release|Any CPU
		{E2CB6F01-E5ED-4EE4-B692-A9E0BF4672EA}.Release|Any CPU.Build.0 = Release|Any CPU
		{E2CB6F01-E5ED-4EE4-B692-A9E0BF4672EA}.Release|x64.ActiveCfg = Release|Any CPU
		{E2CB6F01-E5ED-4EE4-B692-A9E0BF4672EA}.Release|x64.Build.0 = Release|Any CPU
		{E2CB6F01-E5ED-4EE4-B692-A9E0BF4672EA}.Release|x86.ActiveCfg = Release|Any CPU
		{E2CB6F01-E5ED-4EE4-B692-A9E0BF4672EA}.Release|x86.Build.0 = Release|Any CPU
		{9C5D2D0B-8CC1-420B-B72B-E3A087B2B303}.Debug|Any CPU.ActiveCfg = Debug|Any CPU
		{9C5D2D0B-8CC1-420B-B72B-E3A087B2B303}.Debug|Any CPU.Build.0 = Debug|Any CPU
		{9C5D2D0B-8CC1-420B-B72B-E3A087B2B303}.Debug|x64.ActiveCfg = Debug|Any CPU
		{9C5D2D0B-8CC1-420B-B72B-E3A087B2B303}.Debug|x64.Build.0 = Debug|Any CPU
		{9C5D2D0B-8CC1-420B-B72B-E3A087B2B303}.Debug|x86.ActiveCfg = Debug|Any CPU
		{9C5D2D0B-8CC1-420B-B72B-E3A087B2B303}.Debug|x86.Build.0 = Debug|Any CPU
		{9C5D2D0B-8CC1-420B-B72B-E3A087B2B303}.Release|Any CPU.ActiveCfg = Release|Any CPU
		{9C5D2D0B-8CC1-420B-B72B-E3A087B2B303}.Release|Any CPU.Build.0 = Release|Any CPU
		{9C5D2D0B-8CC1-420B-B72B-E3A087B2B303}.Release|x64.ActiveCfg = Release|Any CPU
		{9C5D2D0B-8CC1-420B-B72B-E3A087B2B303}.Release|x64.Build.0 = Release|Any CPU
		{9C5D2D0B-8CC1-420B-B72B-E3A087B2B303}.Release|x86.ActiveCfg = Release|Any CPU
		{9C5D2D0B-8CC1-420B-B72B-E3A087B2B303}.Release|x86.Build.0 = Release|Any CPU
		{1FE27375-823A-4D2F-AC30-913AAAA17E3B}.Debug|Any CPU.ActiveCfg = Debug|Any CPU
		{1FE27375-823A-4D2F-AC30-913AAAA17E3B}.Debug|Any CPU.Build.0 = Debug|Any CPU
		{1FE27375-823A-4D2F-AC30-913AAAA17E3B}.Debug|x64.ActiveCfg = Debug|Any CPU
		{1FE27375-823A-4D2F-AC30-913AAAA17E3B}.Debug|x64.Build.0 = Debug|Any CPU
		{1FE27375-823A-4D2F-AC30-913AAAA17E3B}.Debug|x86.ActiveCfg = Debug|Any CPU
		{1FE27375-823A-4D2F-AC30-913AAAA17E3B}.Debug|x86.Build.0 = Debug|Any CPU
		{1FE27375-823A-4D2F-AC30-913AAAA17E3B}.Release|Any CPU.ActiveCfg = Release|Any CPU
		{1FE27375-823A-4D2F-AC30-913AAAA17E3B}.Release|Any CPU.Build.0 = Release|Any CPU
		{1FE27375-823A-4D2F-AC30-913AAAA17E3B}.Release|x64.ActiveCfg = Release|Any CPU
		{1FE27375-823A-4D2F-AC30-913AAAA17E3B}.Release|x64.Build.0 = Release|Any CPU
		{1FE27375-823A-4D2F-AC30-913AAAA17E3B}.Release|x86.ActiveCfg = Release|Any CPU
		{1FE27375-823A-4D2F-AC30-913AAAA17E3B}.Release|x86.Build.0 = Release|Any CPU
		{7771B05A-64B8-49C0-AD26-E5BB8740C025}.Debug|Any CPU.ActiveCfg = Debug|Any CPU
		{7771B05A-64B8-49C0-AD26-E5BB8740C025}.Debug|Any CPU.Build.0 = Debug|Any CPU
		{7771B05A-64B8-49C0-AD26-E5BB8740C025}.Debug|x64.ActiveCfg = Debug|Any CPU
		{7771B05A-64B8-49C0-AD26-E5BB8740C025}.Debug|x64.Build.0 = Debug|Any CPU
		{7771B05A-64B8-49C0-AD26-E5BB8740C025}.Debug|x86.ActiveCfg = Debug|Any CPU
		{7771B05A-64B8-49C0-AD26-E5BB8740C025}.Debug|x86.Build.0 = Debug|Any CPU
		{7771B05A-64B8-49C0-AD26-E5BB8740C025}.Release|Any CPU.ActiveCfg = Release|Any CPU
		{7771B05A-64B8-49C0-AD26-E5BB8740C025}.Release|Any CPU.Build.0 = Release|Any CPU
		{7771B05A-64B8-49C0-AD26-E5BB8740C025}.Release|x64.ActiveCfg = Release|Any CPU
		{7771B05A-64B8-49C0-AD26-E5BB8740C025}.Release|x64.Build.0 = Release|Any CPU
		{7771B05A-64B8-49C0-AD26-E5BB8740C025}.Release|x86.ActiveCfg = Release|Any CPU
		{7771B05A-64B8-49C0-AD26-E5BB8740C025}.Release|x86.Build.0 = Release|Any CPU
		{8E4E5001-9D9B-468B-BB28-AD6F28A40BF4}.Debug|Any CPU.ActiveCfg = Debug|Any CPU
		{8E4E5001-9D9B-468B-BB28-AD6F28A40BF4}.Debug|Any CPU.Build.0 = Debug|Any CPU
		{8E4E5001-9D9B-468B-BB28-AD6F28A40BF4}.Debug|x64.ActiveCfg = Debug|Any CPU
		{8E4E5001-9D9B-468B-BB28-AD6F28A40BF4}.Debug|x64.Build.0 = Debug|Any CPU
		{8E4E5001-9D9B-468B-BB28-AD6F28A40BF4}.Debug|x86.ActiveCfg = Debug|Any CPU
		{8E4E5001-9D9B-468B-BB28-AD6F28A40BF4}.Debug|x86.Build.0 = Debug|Any CPU
		{8E4E5001-9D9B-468B-BB28-AD6F28A40BF4}.Release|Any CPU.ActiveCfg = Release|Any CPU
		{8E4E5001-9D9B-468B-BB28-AD6F28A40BF4}.Release|Any CPU.Build.0 = Release|Any CPU
		{8E4E5001-9D9B-468B-BB28-AD6F28A40BF4}.Release|x64.ActiveCfg = Release|Any CPU
		{8E4E5001-9D9B-468B-BB28-AD6F28A40BF4}.Release|x64.Build.0 = Release|Any CPU
		{8E4E5001-9D9B-468B-BB28-AD6F28A40BF4}.Release|x86.ActiveCfg = Release|Any CPU
		{8E4E5001-9D9B-468B-BB28-AD6F28A40BF4}.Release|x86.Build.0 = Release|Any CPU
		{FA58E9CE-E4C7-4E9A-BC6B-CEBFE1EA0A7B}.Debug|Any CPU.ActiveCfg = Debug|Any CPU
		{FA58E9CE-E4C7-4E9A-BC6B-CEBFE1EA0A7B}.Debug|Any CPU.Build.0 = Debug|Any CPU
		{FA58E9CE-E4C7-4E9A-BC6B-CEBFE1EA0A7B}.Debug|x64.ActiveCfg = Debug|Any CPU
		{FA58E9CE-E4C7-4E9A-BC6B-CEBFE1EA0A7B}.Debug|x64.Build.0 = Debug|Any CPU
		{FA58E9CE-E4C7-4E9A-BC6B-CEBFE1EA0A7B}.Debug|x86.ActiveCfg = Debug|Any CPU
		{FA58E9CE-E4C7-4E9A-BC6B-CEBFE1EA0A7B}.Debug|x86.Build.0 = Debug|Any CPU
		{FA58E9CE-E4C7-4E9A-BC6B-CEBFE1EA0A7B}.Release|Any CPU.ActiveCfg = Release|Any CPU
		{FA58E9CE-E4C7-4E9A-BC6B-CEBFE1EA0A7B}.Release|Any CPU.Build.0 = Release|Any CPU
		{FA58E9CE-E4C7-4E9A-BC6B-CEBFE1EA0A7B}.Release|x64.ActiveCfg = Release|Any CPU
		{FA58E9CE-E4C7-4E9A-BC6B-CEBFE1EA0A7B}.Release|x64.Build.0 = Release|Any CPU
		{FA58E9CE-E4C7-4E9A-BC6B-CEBFE1EA0A7B}.Release|x86.ActiveCfg = Release|Any CPU
		{FA58E9CE-E4C7-4E9A-BC6B-CEBFE1EA0A7B}.Release|x86.Build.0 = Release|Any CPU
		{6109A0A0-7292-49AE-AF19-25691E91BAFF}.Debug|Any CPU.ActiveCfg = Debug|Any CPU
		{6109A0A0-7292-49AE-AF19-25691E91BAFF}.Debug|Any CPU.Build.0 = Debug|Any CPU
		{6109A0A0-7292-49AE-AF19-25691E91BAFF}.Debug|x64.ActiveCfg = Debug|Any CPU
		{6109A0A0-7292-49AE-AF19-25691E91BAFF}.Debug|x64.Build.0 = Debug|Any CPU
		{6109A0A0-7292-49AE-AF19-25691E91BAFF}.Debug|x86.ActiveCfg = Debug|Any CPU
		{6109A0A0-7292-49AE-AF19-25691E91BAFF}.Debug|x86.Build.0 = Debug|Any CPU
		{6109A0A0-7292-49AE-AF19-25691E91BAFF}.Release|Any CPU.ActiveCfg = Release|Any CPU
		{6109A0A0-7292-49AE-AF19-25691E91BAFF}.Release|Any CPU.Build.0 = Release|Any CPU
		{6109A0A0-7292-49AE-AF19-25691E91BAFF}.Release|x64.ActiveCfg = Release|Any CPU
		{6109A0A0-7292-49AE-AF19-25691E91BAFF}.Release|x64.Build.0 = Release|Any CPU
		{6109A0A0-7292-49AE-AF19-25691E91BAFF}.Release|x86.ActiveCfg = Release|Any CPU
		{6109A0A0-7292-49AE-AF19-25691E91BAFF}.Release|x86.Build.0 = Release|Any CPU
		{E8E6985E-9F11-4B5D-9B63-024BC67F91C5}.Debug|Any CPU.ActiveCfg = Debug|Any CPU
		{E8E6985E-9F11-4B5D-9B63-024BC67F91C5}.Debug|Any CPU.Build.0 = Debug|Any CPU
		{E8E6985E-9F11-4B5D-9B63-024BC67F91C5}.Debug|x64.ActiveCfg = Debug|Any CPU
		{E8E6985E-9F11-4B5D-9B63-024BC67F91C5}.Debug|x64.Build.0 = Debug|Any CPU
		{E8E6985E-9F11-4B5D-9B63-024BC67F91C5}.Debug|x86.ActiveCfg = Debug|Any CPU
		{E8E6985E-9F11-4B5D-9B63-024BC67F91C5}.Debug|x86.Build.0 = Debug|Any CPU
		{E8E6985E-9F11-4B5D-9B63-024BC67F91C5}.Release|Any CPU.ActiveCfg = Release|Any CPU
		{E8E6985E-9F11-4B5D-9B63-024BC67F91C5}.Release|Any CPU.Build.0 = Release|Any CPU
		{E8E6985E-9F11-4B5D-9B63-024BC67F91C5}.Release|x64.ActiveCfg = Release|Any CPU
		{E8E6985E-9F11-4B5D-9B63-024BC67F91C5}.Release|x64.Build.0 = Release|Any CPU
		{E8E6985E-9F11-4B5D-9B63-024BC67F91C5}.Release|x86.ActiveCfg = Release|Any CPU
		{E8E6985E-9F11-4B5D-9B63-024BC67F91C5}.Release|x86.Build.0 = Release|Any CPU
		{54108903-F52D-4F76-BE34-540DF9DB8617}.Debug|Any CPU.ActiveCfg = Debug|Any CPU
		{54108903-F52D-4F76-BE34-540DF9DB8617}.Debug|Any CPU.Build.0 = Debug|Any CPU
		{54108903-F52D-4F76-BE34-540DF9DB8617}.Debug|x64.ActiveCfg = Debug|Any CPU
		{54108903-F52D-4F76-BE34-540DF9DB8617}.Debug|x64.Build.0 = Debug|Any CPU
		{54108903-F52D-4F76-BE34-540DF9DB8617}.Debug|x86.ActiveCfg = Debug|Any CPU
		{54108903-F52D-4F76-BE34-540DF9DB8617}.Debug|x86.Build.0 = Debug|Any CPU
		{54108903-F52D-4F76-BE34-540DF9DB8617}.Release|Any CPU.ActiveCfg = Release|Any CPU
		{54108903-F52D-4F76-BE34-540DF9DB8617}.Release|Any CPU.Build.0 = Release|Any CPU
		{54108903-F52D-4F76-BE34-540DF9DB8617}.Release|x64.ActiveCfg = Release|Any CPU
		{54108903-F52D-4F76-BE34-540DF9DB8617}.Release|x64.Build.0 = Release|Any CPU
		{54108903-F52D-4F76-BE34-540DF9DB8617}.Release|x86.ActiveCfg = Release|Any CPU
		{54108903-F52D-4F76-BE34-540DF9DB8617}.Release|x86.Build.0 = Release|Any CPU
		{8C2CE869-F585-42B7-8164-DC190BFDA846}.Debug|Any CPU.ActiveCfg = Debug|Any CPU
		{8C2CE869-F585-42B7-8164-DC190BFDA846}.Debug|Any CPU.Build.0 = Debug|Any CPU
		{8C2CE869-F585-42B7-8164-DC190BFDA846}.Debug|x64.ActiveCfg = Debug|x64
		{8C2CE869-F585-42B7-8164-DC190BFDA846}.Debug|x86.ActiveCfg = Debug|x86
		{8C2CE869-F585-42B7-8164-DC190BFDA846}.Release|Any CPU.ActiveCfg = Release|Any CPU
		{8C2CE869-F585-42B7-8164-DC190BFDA846}.Release|Any CPU.Build.0 = Release|Any CPU
		{8C2CE869-F585-42B7-8164-DC190BFDA846}.Release|x64.ActiveCfg = Release|x64
		{8C2CE869-F585-42B7-8164-DC190BFDA846}.Release|x86.ActiveCfg = Release|x86
		{FE28C6EA-8142-4E08-B0C5-C3092A986A42}.Debug|Any CPU.ActiveCfg = Debug|Any CPU
		{FE28C6EA-8142-4E08-B0C5-C3092A986A42}.Debug|Any CPU.Build.0 = Debug|Any CPU
		{FE28C6EA-8142-4E08-B0C5-C3092A986A42}.Debug|x64.ActiveCfg = Debug|Any CPU
		{FE28C6EA-8142-4E08-B0C5-C3092A986A42}.Debug|x64.Build.0 = Debug|Any CPU
		{FE28C6EA-8142-4E08-B0C5-C3092A986A42}.Debug|x86.ActiveCfg = Debug|Any CPU
		{FE28C6EA-8142-4E08-B0C5-C3092A986A42}.Debug|x86.Build.0 = Debug|Any CPU
		{FE28C6EA-8142-4E08-B0C5-C3092A986A42}.Release|Any CPU.ActiveCfg = Release|Any CPU
		{FE28C6EA-8142-4E08-B0C5-C3092A986A42}.Release|Any CPU.Build.0 = Release|Any CPU
		{FE28C6EA-8142-4E08-B0C5-C3092A986A42}.Release|x64.ActiveCfg = Release|Any CPU
		{FE28C6EA-8142-4E08-B0C5-C3092A986A42}.Release|x64.Build.0 = Release|Any CPU
		{FE28C6EA-8142-4E08-B0C5-C3092A986A42}.Release|x86.ActiveCfg = Release|Any CPU
		{FE28C6EA-8142-4E08-B0C5-C3092A986A42}.Release|x86.Build.0 = Release|Any CPU
		{B63D6DF1-B775-4E60-BF58-F5B1DF76C8DA}.Debug|Any CPU.ActiveCfg = Debug|Any CPU
		{B63D6DF1-B775-4E60-BF58-F5B1DF76C8DA}.Debug|Any CPU.Build.0 = Debug|Any CPU
		{B63D6DF1-B775-4E60-BF58-F5B1DF76C8DA}.Debug|x64.ActiveCfg = Debug|Any CPU
		{B63D6DF1-B775-4E60-BF58-F5B1DF76C8DA}.Debug|x64.Build.0 = Debug|Any CPU
		{B63D6DF1-B775-4E60-BF58-F5B1DF76C8DA}.Debug|x86.ActiveCfg = Debug|Any CPU
		{B63D6DF1-B775-4E60-BF58-F5B1DF76C8DA}.Debug|x86.Build.0 = Debug|Any CPU
		{B63D6DF1-B775-4E60-BF58-F5B1DF76C8DA}.Release|Any CPU.ActiveCfg = Release|Any CPU
		{B63D6DF1-B775-4E60-BF58-F5B1DF76C8DA}.Release|Any CPU.Build.0 = Release|Any CPU
		{B63D6DF1-B775-4E60-BF58-F5B1DF76C8DA}.Release|x64.ActiveCfg = Release|Any CPU
		{B63D6DF1-B775-4E60-BF58-F5B1DF76C8DA}.Release|x64.Build.0 = Release|Any CPU
		{B63D6DF1-B775-4E60-BF58-F5B1DF76C8DA}.Release|x86.ActiveCfg = Release|Any CPU
		{B63D6DF1-B775-4E60-BF58-F5B1DF76C8DA}.Release|x86.Build.0 = Release|Any CPU
		{FD89D9A5-2EA1-4E9D-D8D2-E09721D3FD2F}.Debug|Any CPU.ActiveCfg = Debug|Any CPU
		{FD89D9A5-2EA1-4E9D-D8D2-E09721D3FD2F}.Debug|Any CPU.Build.0 = Debug|Any CPU
		{FD89D9A5-2EA1-4E9D-D8D2-E09721D3FD2F}.Debug|x64.ActiveCfg = Debug|Any CPU
		{FD89D9A5-2EA1-4E9D-D8D2-E09721D3FD2F}.Debug|x64.Build.0 = Debug|Any CPU
		{FD89D9A5-2EA1-4E9D-D8D2-E09721D3FD2F}.Debug|x86.ActiveCfg = Debug|Any CPU
		{FD89D9A5-2EA1-4E9D-D8D2-E09721D3FD2F}.Debug|x86.Build.0 = Debug|Any CPU
		{FD89D9A5-2EA1-4E9D-D8D2-E09721D3FD2F}.Release|Any CPU.ActiveCfg = Release|Any CPU
		{FD89D9A5-2EA1-4E9D-D8D2-E09721D3FD2F}.Release|Any CPU.Build.0 = Release|Any CPU
		{FD89D9A5-2EA1-4E9D-D8D2-E09721D3FD2F}.Release|x64.ActiveCfg = Release|Any CPU
		{FD89D9A5-2EA1-4E9D-D8D2-E09721D3FD2F}.Release|x64.Build.0 = Release|Any CPU
		{FD89D9A5-2EA1-4E9D-D8D2-E09721D3FD2F}.Release|x86.ActiveCfg = Release|Any CPU
		{FD89D9A5-2EA1-4E9D-D8D2-E09721D3FD2F}.Release|x86.Build.0 = Release|Any CPU
		{4F355C35-72B3-4E07-8C64-4E68E9D42E28}.Debug|Any CPU.ActiveCfg = Debug|Any CPU
		{4F355C35-72B3-4E07-8C64-4E68E9D42E28}.Debug|Any CPU.Build.0 = Debug|Any CPU
		{4F355C35-72B3-4E07-8C64-4E68E9D42E28}.Debug|x64.ActiveCfg = Debug|Any CPU
		{4F355C35-72B3-4E07-8C64-4E68E9D42E28}.Debug|x64.Build.0 = Debug|Any CPU
		{4F355C35-72B3-4E07-8C64-4E68E9D42E28}.Debug|x86.ActiveCfg = Debug|Any CPU
		{4F355C35-72B3-4E07-8C64-4E68E9D42E28}.Debug|x86.Build.0 = Debug|Any CPU
		{4F355C35-72B3-4E07-8C64-4E68E9D42E28}.Release|Any CPU.ActiveCfg = Release|Any CPU
		{4F355C35-72B3-4E07-8C64-4E68E9D42E28}.Release|Any CPU.Build.0 = Release|Any CPU
		{4F355C35-72B3-4E07-8C64-4E68E9D42E28}.Release|x64.ActiveCfg = Release|Any CPU
		{4F355C35-72B3-4E07-8C64-4E68E9D42E28}.Release|x64.Build.0 = Release|Any CPU
		{4F355C35-72B3-4E07-8C64-4E68E9D42E28}.Release|x86.ActiveCfg = Release|Any CPU
		{4F355C35-72B3-4E07-8C64-4E68E9D42E28}.Release|x86.Build.0 = Release|Any CPU
	EndGlobalSection
	GlobalSection(SolutionProperties) = preSolution
		HideSolutionNode = FALSE
	EndGlobalSection
	GlobalSection(NestedProjects) = preSolution
		{4111EC05-2594-4A03-83F0-B812DCD53472} = {C7C9492F-4D87-448F-BCE6-F240BE8B0586}
		{F11EA147-31D9-46C4-8D1E-8AD8E6B8F842} = {D272FC5D-1E38-4D9A-8A1E-D2FE5F05FB07}
		{E2CB6F01-E5ED-4EE4-B692-A9E0BF4672EA} = {A2B72BCD-F337-4143-B2B1-4A868452E3FA}
		{9C5D2D0B-8CC1-420B-B72B-E3A087B2B303} = {6BBB5C43-7A5F-4A4C-A427-79332C243E42}
		{1FE27375-823A-4D2F-AC30-913AAAA17E3B} = {6BBB5C43-7A5F-4A4C-A427-79332C243E42}
		{7771B05A-64B8-49C0-AD26-E5BB8740C025} = {A2B72BCD-F337-4143-B2B1-4A868452E3FA}
		{8E4E5001-9D9B-468B-BB28-AD6F28A40BF4} = {D272FC5D-1E38-4D9A-8A1E-D2FE5F05FB07}
		{FA58E9CE-E4C7-4E9A-BC6B-CEBFE1EA0A7B} = {C7C9492F-4D87-448F-BCE6-F240BE8B0586}
		{6109A0A0-7292-49AE-AF19-25691E91BAFF} = {689B029F-D9A8-475D-ADFE-C8D2119B15C7}
		{E8E6985E-9F11-4B5D-9B63-024BC67F91C5} = {689B029F-D9A8-475D-ADFE-C8D2119B15C7}
		{54108903-F52D-4F76-BE34-540DF9DB8617} = {D272FC5D-1E38-4D9A-8A1E-D2FE5F05FB07}
		{8C2CE869-F585-42B7-8164-DC190BFDA846} = {DF6CFBBD-8312-4694-AD3A-620DBD11E56C}
		{FE28C6EA-8142-4E08-B0C5-C3092A986A42} = {30682220-8EC9-49A1-8A82-C6ABF7110BBE}
		{B63D6DF1-B775-4E60-BF58-F5B1DF76C8DA} = {30682220-8EC9-49A1-8A82-C6ABF7110BBE}
		{FD89D9A5-2EA1-4E9D-D8D2-E09721D3FD2F} = {30682220-8EC9-49A1-8A82-C6ABF7110BBE}
		{4F355C35-72B3-4E07-8C64-4E68E9D42E28} = {30682220-8EC9-49A1-8A82-C6ABF7110BBE}
	EndGlobalSection
	GlobalSection(ExtensibilityGlobals) = postSolution
		SolutionGuid = {7BA163DB-F76C-40A9-A9F0-F7474C389DE1}
	EndGlobalSection
EndGlobal
